
Microsoft Visual Studio Solution File, Format Version 12.00
# Visual Studio Version 17
VisualStudioVersion = 17.14.37502.11
MinimumVisualStudioVersion = 10.0.40219.1
Project("{FAE04EC0-301F-11D3-BF4B-00C04F79EFBC}") = "Bot", "Bot\Bot.csproj", "{F9242010-5176-4E59-985C-A7B8D7E27640}"
EndProject
Global
	GlobalSection(SolutionConfigurationPlatforms) = preSolution
		Debug|Any CPU = Debug|Any CPU
		Release|Any CPU = Release|Any CPU
	EndGlobalSection
	GlobalSection(ProjectConfigurationPlatforms) = postSolution
		{F9242010-5176-4E59-985C-A7B8D7E27640}.Debug|Any CPU.ActiveCfg = Debug|Any CPU
		{F9242010-5176-4E59-985C-A7B8D7E27640}.Debug|Any CPU.Build.0 = Debug|Any CPU
		{F9242010-5176-4E59-985C-A7B8D7E27640}.Release|Any CPU.ActiveCfg = Release|Any CPU
		{F9242010-5176-4E59-985C-A7B8D7E27640}.Release|Any CPU.Build.0 = Release|Any CPU
	EndGlobalSection
	GlobalSection(SolutionProperties) = preSolution
		HideSolutionNode = FALSE
	EndGlobalSection
	GlobalSection(ExtensibilityGlobals) = postSolution
		SolutionGuid = {A39B6441-122F-484B-8708-6A4D09181E9D}
	EndGlobalSection
EndGlobal
